
Microsoft Visual Studio Solution File, Format Version 12.00
# Visual Studio Version 17
VisualStudioVersion = 17.14.36623.8 d17.14
MinimumVisualStudioVersion = 10.0.40219.1
Project("{FAE04EC0-301F-11D3-BF4B-00C04F79EFBC}") = "BlackJack GUI", "BlackJack GUI.csproj", "{ED7667A9-6F48-4B29-8189-473125E1059D}"
EndProject
Global
	GlobalSection(SolutionConfigurationPlatforms) = preSolution
		Debug|Any CPU = Debug|Any CPU
		Release|Any CPU = Release|Any CPU
	EndGlobalSection
	GlobalSection(ProjectConfigurationPlatforms) = postSolution
		{ED7667A9-6F48-4B29-8189-473125E1059D}.Debug|Any CPU.ActiveCfg = Debug|Any CPU
		{ED7667A9-6F48-4B29-8189-473125E1059D}.Debug|Any CPU.Build.0 = Debug|Any CPU
		{ED7667A9-6F48-4B29-8189-473125E1059D}.Release|Any CPU.ActiveCfg = Release|Any CPU
		{ED7667A9-6F48-4B29-8189-473125E1059D}.Release|Any CPU.Build.0 = Release|Any CPU
	EndGlobalSection
	GlobalSection(SolutionProperties) = preSolution
		HideSolutionNode = FALSE
	EndGlobalSection
	GlobalSection(ExtensibilityGlobals) = postSolution
		SolutionGuid = {32D1E332-0261-42FB-8BF0-11677B7E2907}
	EndGlobalSection
EndGlobal
